// !$*UTF8*$!
{
	archiveVersion = 1;
	classes = {
	};
	objectVersion = 50;
	objects = {

/* Begin PBXBuildFile section */
		0038452F207FB52800B958FF /* main.swift in Sources */ = {isa = PBXBuildFile; fileRef = 0038452E207FB52800B958FF /* main.swift */; };
		00384537207FB55A00B958FF /* LinkedList.swift in Sources */ = {isa = PBXBuildFile; fileRef = 00384536207FB55A00B958FF /* LinkedList.swift */; };
		00384539207FB56200B958FF /* Node.swift in Sources */ = {isa = PBXBuildFile; fileRef = 00384538207FB56200B958FF /* Node.swift */; };
		0038453C207FC2B300B958FF /* ExpandedForm.swift in Sources */ = {isa = PBXBuildFile; fileRef = 0038453B207FC2B300B958FF /* ExpandedForm.swift */; };
		0038453E207FC2BC00B958FF /* ReverseOrRotate.swift in Sources */ = {isa = PBXBuildFile; fileRef = 0038453D207FC2BC00B958FF /* ReverseOrRotate.swift */; };
		00384540207FC2C600B958FF /* FunctionalAddition.swift in Sources */ = {isa = PBXBuildFile; fileRef = 0038453F207FC2C600B958FF /* FunctionalAddition.swift */; };
		004D65002080CE33009FD3CE /* CaesarCipher.swift in Sources */ = {isa = PBXBuildFile; fileRef = 004D64FF2080CE33009FD3CE /* CaesarCipher.swift */; };
		611A96C42084CAC300CD6240 /* FindDigit.swift in Sources */ = {isa = PBXBuildFile; fileRef = 611A96C32084CAC300CD6240 /* FindDigit.swift */; };
		611A96C62084D0F500CD6240 /* Context.swift in Sources */ = {isa = PBXBuildFile; fileRef = 611A96C52084D0F500CD6240 /* Context.swift */; };
		611A96C82084DF5600CD6240 /* EuclideanDistance.swift in Sources */ = {isa = PBXBuildFile; fileRef = 611A96C72084DF5600CD6240 /* EuclideanDistance.swift */; };
		61EFC2AB2083A93B00750AA9 /* StringyStrings.swift in Sources */ = {isa = PBXBuildFile; fileRef = 61EFC2AA2083A93B00750AA9 /* StringyStrings.swift */; };
/* End PBXBuildFile section */

/* Begin PBXCopyFilesBuildPhase section */
		00384529207FB52800B958FF /* CopyFiles */ = {
			isa = PBXCopyFilesBuildPhase;
			buildActionMask = 2147483647;
			dstPath = /usr/share/man/man1/;
			dstSubfolderSpec = 0;
			files = (
			);
			runOnlyForDeploymentPostprocessing = 1;
		};
/* End PBXCopyFilesBuildPhase section */

/* Begin PBXFileReference section */
		0038452B207FB52800B958FF /* Codewars */ = {isa = PBXFileReference; explicitFileType = "compiled.mach-o.executable"; includeInIndex = 0; path = Codewars; sourceTree = BUILT_PRODUCTS_DIR; };
		0038452E207FB52800B958FF /* main.swift */ = {isa = PBXFileReference; lastKnownFileType = sourcecode.swift; path = main.swift; sourceTree = "<group>"; };
		00384536207FB55A00B958FF /* LinkedList.swift */ = {isa = PBXFileReference; lastKnownFileType = sourcecode.swift; path = LinkedList.swift; sourceTree = "<group>"; };
		00384538207FB56200B958FF /* Node.swift */ = {isa = PBXFileReference; lastKnownFileType = sourcecode.swift; path = Node.swift; sourceTree = "<group>"; };
		0038453B207FC2B300B958FF /* ExpandedForm.swift */ = {isa = PBXFileReference; lastKnownFileType = sourcecode.swift; path = ExpandedForm.swift; sourceTree = "<group>"; };
		0038453D207FC2BC00B958FF /* ReverseOrRotate.swift */ = {isa = PBXFileReference; lastKnownFileType = sourcecode.swift; path = ReverseOrRotate.swift; sourceTree = "<group>"; };
		0038453F207FC2C600B958FF /* FunctionalAddition.swift */ = {isa = PBXFileReference; lastKnownFileType = sourcecode.swift; path = FunctionalAddition.swift; sourceTree = "<group>"; };
		004D64FF2080CE33009FD3CE /* CaesarCipher.swift */ = {isa = PBXFileReference; lastKnownFileType = sourcecode.swift; path = CaesarCipher.swift; sourceTree = "<group>"; };
		611A96C32084CAC300CD6240 /* FindDigit.swift */ = {isa = PBXFileReference; lastKnownFileType = sourcecode.swift; path = FindDigit.swift; sourceTree = "<group>"; };
		611A96C52084D0F500CD6240 /* Context.swift */ = {isa = PBXFileReference; lastKnownFileType = sourcecode.swift; path = Context.swift; sourceTree = "<group>"; };
		611A96C72084DF5600CD6240 /* EuclideanDistance.swift */ = {isa = PBXFileReference; lastKnownFileType = sourcecode.swift; path = EuclideanDistance.swift; sourceTree = "<group>"; };
		61EFC2AA2083A93B00750AA9 /* StringyStrings.swift */ = {isa = PBXFileReference; lastKnownFileType = sourcecode.swift; path = StringyStrings.swift; sourceTree = "<group>"; };
/* End PBXFileReference section */

/* Begin PBXFrameworksBuildPhase section */
		00384528207FB52800B958FF /* Frameworks */ = {
			isa = PBXFrameworksBuildPhase;
			buildActionMask = 2147483647;
			files = (
			);
			runOnlyForDeploymentPostprocessing = 0;
		};
/* End PBXFrameworksBuildPhase section */

/* Begin PBXGroup section */
		00384522207FB52800B958FF = {
			isa = PBXGroup;
			children = (
				0038452D207FB52800B958FF /* Codewars */,
				0038452C207FB52800B958FF /* Products */,
			);
			sourceTree = "<group>";
		};
		0038452C207FB52800B958FF /* Products */ = {
			isa = PBXGroup;
			children = (
				0038452B207FB52800B958FF /* Codewars */,
			);
			name = Products;
			sourceTree = "<group>";
		};
		0038452D207FB52800B958FF /* Codewars */ = {
			isa = PBXGroup;
			children = (
				0038453A207FC28400B958FF /* Basic */,
				00384535207FB54A00B958FF /* LinkedList */,
				0038452E207FB52800B958FF /* main.swift */,
			);
			path = Codewars;
			sourceTree = "<group>";
		};
		00384535207FB54A00B958FF /* LinkedList */ = {
			isa = PBXGroup;
			children = (
				00384536207FB55A00B958FF /* LinkedList.swift */,
				00384538207FB56200B958FF /* Node.swift */,
				611A96C52084D0F500CD6240 /* Context.swift */,
			);
			path = LinkedList;
			sourceTree = "<group>";
		};
		0038453A207FC28400B958FF /* Basic */ = {
			isa = PBXGroup;
			children = (
				0038453B207FC2B300B958FF /* ExpandedForm.swift */,
				0038453D207FC2BC00B958FF /* ReverseOrRotate.swift */,
				0038453F207FC2C600B958FF /* FunctionalAddition.swift */,
				004D64FF2080CE33009FD3CE /* CaesarCipher.swift */,
				61EFC2AA2083A93B00750AA9 /* StringyStrings.swift */,
				611A96C32084CAC300CD6240 /* FindDigit.swift */,
				611A96C72084DF5600CD6240 /* EuclideanDistance.swift */,
			);
			path = Basic;
			sourceTree = "<group>";
		};
/* End PBXGroup section */

/* Begin PBXNativeTarget section */
		0038452A207FB52800B958FF /* Codewars */ = {
			isa = PBXNativeTarget;
			buildConfigurationList = 00384532207FB52800B958FF /* Build configuration list for PBXNativeTarget "Codewars" */;
			buildPhases = (
				00384527207FB52800B958FF /* Sources */,
				00384528207FB52800B958FF /* Frameworks */,
				00384529207FB52800B958FF /* CopyFiles */,
			);
			buildRules = (
			);
			dependencies = (
			);
			name = Codewars;
			productName = Codewars2;
			productReference = 0038452B207FB52800B958FF /* Codewars */;
			productType = "com.apple.product-type.tool";
		};
/* End PBXNativeTarget section */

/* Begin PBXProject section */
		00384523207FB52800B958FF /* Project object */ = {
			isa = PBXProject;
			attributes = {
				LastSwiftUpdateCheck = 0930;
				LastUpgradeCheck = 0930;
				ORGANIZATIONNAME = KarolPiatek;
				TargetAttributes = {
					0038452A207FB52800B958FF = {
						CreatedOnToolsVersion = 9.3;
					};
				};
			};
			buildConfigurationList = 00384526207FB52800B958FF /* Build configuration list for PBXProject "Codewars" */;
			compatibilityVersion = "Xcode 9.3";
			developmentRegion = en;
			hasScannedForEncodings = 0;
			knownRegions = (
				en,
			);
			mainGroup = 00384522207FB52800B958FF;
			productRefGroup = 0038452C207FB52800B958FF /* Products */;
			projectDirPath = "";
			projectRoot = "";
			targets = (
				0038452A207FB52800B958FF /* Codewars */,
			);
		};
/* End PBXProject section */

/* Begin PBXSourcesBuildPhase section */
		00384527207FB52800B958FF /* Sources */ = {
			isa = PBXSourcesBuildPhase;
			buildActionMask = 2147483647;
			files = (
				00384540207FC2C600B958FF /* FunctionalAddition.swift in Sources */,
				61EFC2AB2083A93B00750AA9 /* StringyStrings.swift in Sources */,
				004D65002080CE33009FD3CE /* CaesarCipher.swift in Sources */,
				611A96C82084DF5600CD6240 /* EuclideanDistance.swift in Sources */,
				611A96C62084D0F500CD6240 /* Context.swift in Sources */,
				0038453E207FC2BC00B958FF /* ReverseOrRotate.swift in Sources */,
				00384539207FB56200B958FF /* Node.swift in Sources */,
				00384537207FB55A00B958FF /* LinkedList.swift in Sources */,
				611A96C42084CAC300CD6240 /* FindDigit.swift in Sources */,
				0038453C207FC2B300B958FF /* ExpandedForm.swift in Sources */,
				0038452F207FB52800B958FF /* main.swift in Sources */,
			);
			runOnlyForDeploymentPostprocessing = 0;
		};
/* End PBXSourcesBuildPhase section */

/* Begin XCBuildConfiguration section */
		00384530207FB52800B958FF /* Debug */ = {
			isa = XCBuildConfiguration;
			buildSettings = {
				ALWAYS_SEARCH_USER_PATHS = NO;
				CLANG_ANALYZER_NONNULL = YES;
				CLANG_ANALYZER_NUMBER_OBJECT_CONVERSION = YES_AGGRESSIVE;
				CLANG_CXX_LANGUAGE_STANDARD = "gnu++14";
				CLANG_CXX_LIBRARY = "libc++";
				CLANG_ENABLE_MODULES = YES;
				CLANG_ENABLE_OBJC_ARC = YES;
				CLANG_ENABLE_OBJC_WEAK = YES;
				CLANG_WARN_BLOCK_CAPTURE_AUTORELEASING = YES;
				CLANG_WARN_BOOL_CONVERSION = YES;
				CLANG_WARN_COMMA = YES;
				CLANG_WARN_CONSTANT_CONVERSION = YES;
				CLANG_WARN_DEPRECATED_OBJC_IMPLEMENTATIONS = YES;
				CLANG_WARN_DIRECT_OBJC_ISA_USAGE = YES_ERROR;
				CLANG_WARN_DOCUMENTATION_COMMENTS = YES;
				CLANG_WARN_EMPTY_BODY = YES;
				CLANG_WARN_ENUM_CONVERSION = YES;
				CLANG_WARN_INFINITE_RECURSION = YES;
				CLANG_WARN_INT_CONVERSION = YES;
				CLANG_WARN_NON_LITERAL_NULL_CONVERSION = YES;
				CLANG_WARN_OBJC_IMPLICIT_RETAIN_SELF = YES;
				CLANG_WARN_OBJC_LITERAL_CONVERSION = YES;
				CLANG_WARN_OBJC_ROOT_CLASS = YES_ERROR;
				CLANG_WARN_RANGE_LOOP_ANALYSIS = YES;
				CLANG_WARN_STRICT_PROTOTYPES = YES;
				CLANG_WARN_SUSPICIOUS_MOVE = YES;
				CLANG_WARN_UNGUARDED_AVAILABILITY = YES_AGGRESSIVE;
				CLANG_WARN_UNREACHABLE_CODE = YES;
				CLANG_WARN__DUPLICATE_METHOD_MATCH = YES;
				CODE_SIGN_IDENTITY = "Mac Developer";
				COPY_PHASE_STRIP = NO;
				DEBUG_INFORMATION_FORMAT = dwarf;
				ENABLE_STRICT_OBJC_MSGSEND = YES;
				ENABLE_TESTABILITY = YES;
				GCC_C_LANGUAGE_STANDARD = gnu11;
				GCC_DYNAMIC_NO_PIC = NO;
				GCC_NO_COMMON_BLOCKS = YES;
				GCC_OPTIMIZATION_LEVEL = 0;
				GCC_PREPROCESSOR_DEFINITIONS = (
					"DEBUG=1",
					"$(inherited)",
				);
				GCC_WARN_64_TO_32_BIT_CONVERSION = YES;
				GCC_WARN_ABOUT_RETURN_TYPE = YES_ERROR;
				GCC_WARN_UNDECLARED_SELECTOR = YES;
				GCC_WARN_UNINITIALIZED_AUTOS = YES_AGGRESSIVE;
				GCC_WARN_UNUSED_FUNCTION = YES;
				GCC_WARN_UNUSED_VARIABLE = YES;
				MACOSX_DEPLOYMENT_TARGET = 10.13;
				MTL_ENABLE_DEBUG_INFO = YES;
				ONLY_ACTIVE_ARCH = YES;
				SDKROOT = macosx;
				SWIFT_ACTIVE_COMPILATION_CONDITIONS = DEBUG;
				SWIFT_OPTIMIZATION_LEVEL = "-Onone";
			};
			name = Debug;
		};
		00384531207FB52800B958FF /* Release */ = {
			isa = XCBuildConfiguration;
			buildSettings = {
				ALWAYS_SEARCH_USER_PATHS = NO;
				CLANG_ANALYZER_NONNULL = YES;
				CLANG_ANALYZER_NUMBER_OBJECT_CONVERSION = YES_AGGRESSIVE;
				CLANG_CXX_LANGUAGE_STANDARD = "gnu++14";
				CLANG_CXX_LIBRARY = "libc++";
				CLANG_ENABLE_MODULES = YES;
				CLANG_ENABLE_OBJC_ARC = YES;
				CLANG_ENABLE_OBJC_WEAK = YES;
				CLANG_WARN_BLOCK_CAPTURE_AUTORELEASING = YES;
				CLANG_WARN_BOOL_CONVERSION = YES;
				CLANG_WARN_COMMA = YES;
				CLANG_WARN_CONSTANT_CONVERSION = YES;
				CLANG_WARN_DEPRECATED_OBJC_IMPLEMENTATIONS = YES;
				CLANG_WARN_DIRECT_OBJC_ISA_USAGE = YES_ERROR;
				CLANG_WARN_DOCUMENTATION_COMMENTS = YES;
				CLANG_WARN_EMPTY_BODY = YES;
				CLANG_WARN_ENUM_CONVERSION = YES;
				CLANG_WARN_INFINITE_RECURSION = YES;
				CLANG_WARN_INT_CONVERSION = YES;
				CLANG_WARN_NON_LITERAL_NULL_CONVERSION = YES;
				CLANG_WARN_OBJC_IMPLICIT_RETAIN_SELF = YES;
				CLANG_WARN_OBJC_LITERAL_CONVERSION = YES;
				CLANG_WARN_OBJC_ROOT_CLASS = YES_ERROR;
				CLANG_WARN_RANGE_LOOP_ANALYSIS = YES;
				CLANG_WARN_STRICT_PROTOTYPES = YES;
				CLANG_WARN_SUSPICIOUS_MOVE = YES;
				CLANG_WARN_UNGUARDED_AVAILABILITY = YES_AGGRESSIVE;
				CLANG_WARN_UNREACHABLE_CODE = YES;
				CLANG_WARN__DUPLICATE_METHOD_MATCH = YES;
				CODE_SIGN_IDENTITY = "Mac Developer";
				COPY_PHASE_STRIP = NO;
				DEBUG_INFORMATION_FORMAT = "dwarf-with-dsym";
				ENABLE_NS_ASSERTIONS = NO;
				ENABLE_STRICT_OBJC_MSGSEND = YES;
				GCC_C_LANGUAGE_STANDARD = gnu11;
				GCC_NO_COMMON_BLOCKS = YES;
				GCC_WARN_64_TO_32_BIT_CONVERSION = YES;
				GCC_WARN_ABOUT_RETURN_TYPE = YES_ERROR;
				GCC_WARN_UNDECLARED_SELECTOR = YES;
				GCC_WARN_UNINITIALIZED_AUTOS = YES_AGGRESSIVE;
				GCC_WARN_UNUSED_FUNCTION = YES;
				GCC_WARN_UNUSED_VARIABLE = YES;
				MACOSX_DEPLOYMENT_TARGET = 10.13;
				MTL_ENABLE_DEBUG_INFO = NO;
				SDKROOT = macosx;
				SWIFT_COMPILATION_MODE = wholemodule;
				SWIFT_OPTIMIZATION_LEVEL = "-O";
			};
			name = Release;
		};
		00384533207FB52800B958FF /* Debug */ = {
			isa = XCBuildConfiguration;
			buildSettings = {
				CODE_SIGN_STYLE = Automatic;
				DEVELOPMENT_TEAM = TJ4RSWW635;
				PRODUCT_NAME = "$(TARGET_NAME)";
				SWIFT_VERSION = 4.0;
			};
			name = Debug;
		};
		00384534207FB52800B958FF /* Release */ = {
			isa = XCBuildConfiguration;
			buildSettings = {
				CODE_SIGN_STYLE = Automatic;
				DEVELOPMENT_TEAM = TJ4RSWW635;
				PRODUCT_NAME = "$(TARGET_NAME)";
				SWIFT_VERSION = 4.0;
			};
			name = Release;
		};
/* End XCBuildConfiguration section */

/* Begin XCConfigurationList section */
		00384526207FB52800B958FF /* Build configuration list for PBXProject "Codewars" */ = {
			isa = XCConfigurationList;
			buildConfigurations = (
				00384530207FB52800B958FF /* Debug */,
				00384531207FB52800B958FF /* Release */,
			);
			defaultConfigurationIsVisible = 0;
			defaultConfigurationName = Release;
		};
		00384532207FB52800B958FF /* Build configuration list for PBXNativeTarget "Codewars" */ = {
			isa = XCConfigurationList;
			buildConfigurations = (
				00384533207FB52800B958FF /* Debug */,
				00384534207FB52800B958FF /* Release */,
			);
			defaultConfigurationIsVisible = 0;
			defaultConfigurationName = Release;
		};
/* End XCConfigurationList section */
	};
	rootObject = 00384523207FB52800B958FF /* Project object */;
}
